
Microsoft Visual Studio Solution File, Format Version 12.00
# Visual Studio Version 17
VisualStudioVersion = 17.11.35312.102
MinimumVisualStudioVersion = 10.0.40219.1
Project("{FAE04EC0-301F-11D3-BF4B-00C04F79EFBC}") = "MaxFlow", "MaxFlow\MaxFlow.csproj", "{8B9AF54B-59CA-4105-B17E-E356B3206D78}"
EndProject
Global
	GlobalSection(SolutionConfigurationPlatforms) = preSolution
		Debug|Any CPU = Debug|Any CPU
		Release|Any CPU = Release|Any CPU
	EndGlobalSection
	GlobalSection(ProjectConfigurationPlatforms) = postSolution
		{8B9AF54B-59CA-4105-B17E-E356B3206D78}.Debug|Any CPU.ActiveCfg = Debug|Any CPU
		{8B9AF54B-59CA-4105-B17E-E356B3206D78}.Debug|Any CPU.Build.0 = Debug|Any CPU
		{8B9AF54B-59CA-4105-B17E-E356B3206D78}.Release|Any CPU.ActiveCfg = Release|Any CPU
		{8B9AF54B-59CA-4105-B17E-E356B3206D78}.Release|Any CPU.Build.0 = Release|Any CPU
	EndGlobalSection
	GlobalSection(SolutionProperties) = preSolution
		HideSolutionNode = FALSE
	EndGlobalSection
	GlobalSection(ExtensibilityGlobals) = postSolution
		SolutionGuid = {004F7003-A824-4145-8D58-51E7B3FB1DE5}
	EndGlobalSection
EndGlobal
